// !$*UTF8*$!
{
	archiveVersion = 1;
	classes = {
	};
	objectVersion = 46;
	objects = {

/* Begin PBXBuildFile section */
		630F4B23866C9ECD643DF29B /* libPods-TAGoodsDetailUITests.a in Frameworks */ = {isa = PBXBuildFile; fileRef = A3FA4729C820B3E9C62F637A /* libPods-TAGoodsDetailUITests.a */; };
		90C7B4FD1E0FBD990039B030 /* main.m in Sources */ = {isa = PBXBuildFile; fileRef = 90C7B4FC1E0FBD990039B030 /* main.m */; };
		90C7B5001E0FBD990039B030 /* AppDelegate.m in Sources */ = {isa = PBXBuildFile; fileRef = 90C7B4FF1E0FBD990039B030 /* AppDelegate.m */; };
		90C7B5031E0FBD990039B030 /* ViewController.m in Sources */ = {isa = PBXBuildFile; fileRef = 90C7B5021E0FBD990039B030 /* ViewController.m */; };
		90C7B5061E0FBD990039B030 /* Main.storyboard in Resources */ = {isa = PBXBuildFile; fileRef = 90C7B5041E0FBD990039B030 /* Main.storyboard */; };
		90C7B5081E0FBD990039B030 /* Assets.xcassets in Resources */ = {isa = PBXBuildFile; fileRef = 90C7B5071E0FBD990039B030 /* Assets.xcassets */; };
		90C7B50B1E0FBD990039B030 /* LaunchScreen.storyboard in Resources */ = {isa = PBXBuildFile; fileRef = 90C7B5091E0FBD990039B030 /* LaunchScreen.storyboard */; };
		90C7B5161E0FBD990039B030 /* TAGoodsDetailTests.m in Sources */ = {isa = PBXBuildFile; fileRef = 90C7B5151E0FBD990039B030 /* TAGoodsDetailTests.m */; };
		90C7B5211E0FBD990039B030 /* TAGoodsDetailUITests.m in Sources */ = {isa = PBXBuildFile; fileRef = 90C7B5201E0FBD990039B030 /* TAGoodsDetailUITests.m */; };
		90C7B5311E0FBDFD0039B030 /* Target_TAGoodsDetail.m in Sources */ = {isa = PBXBuildFile; fileRef = 90C7B5301E0FBDFD0039B030 /* Target_TAGoodsDetail.m */; };
		90C7B53A1E0FC0040039B030 /* TAGoodsDetailViewController.m in Sources */ = {isa = PBXBuildFile; fileRef = 90C7B5391E0FC0040039B030 /* TAGoodsDetailViewController.m */; };
		B96160CD3FA1446DB5424AD7 /* libPods-TAGoodsDetailTests.a in Frameworks */ = {isa = PBXBuildFile; fileRef = 6F8FD95FC7789DAD7059C0D3 /* libPods-TAGoodsDetailTests.a */; };
		D3E7F00437776B2BE2071630 /* libPods-TAGoodsDetail.a in Frameworks */ = {isa = PBXBuildFile; fileRef = C1E421D63855D7CAF716C8C4 /* libPods-TAGoodsDetail.a */; };
/* End PBXBuildFile section */

/* Begin PBXContainerItemProxy section */
		90C7B5121E0FBD990039B030 /* PBXContainerItemProxy */ = {
			isa = PBXContainerItemProxy;
			containerPortal = 90C7B4F01E0FBD990039B030 /* Project object */;
			proxyType = 1;
			remoteGlobalIDString = 90C7B4F71E0FBD990039B030;
			remoteInfo = TAGoodsDetail;
		};
		90C7B51D1E0FBD990039B030 /* PBXContainerItemProxy */ = {
			isa = PBXContainerItemProxy;
			containerPortal = 90C7B4F01E0FBD990039B030 /* Project object */;
			proxyType = 1;
			remoteGlobalIDString = 90C7B4F71E0FBD990039B030;
			remoteInfo = TAGoodsDetail;
		};
/* End PBXContainerItemProxy section */

/* Begin PBXFileReference section */
		2AF8877E2584444A0D697D6E /* Pods-TAGoodsDetail.release.xcconfig */ = {isa = PBXFileReference; includeInIndex = 1; lastKnownFileType = text.xcconfig; name = "Pods-TAGoodsDetail.release.xcconfig"; path = "Pods/Target Support Files/Pods-TAGoodsDetail/Pods-TAGoodsDetail.release.xcconfig"; sourceTree = "<group>"; };
		57C9F7265DB42886112B3AC7 /* Pods-TAGoodsDetailTests.debug.xcconfig */ = {isa = PBXFileReference; includeInIndex = 1; lastKnownFileType = text.xcconfig; name = "Pods-TAGoodsDetailTests.debug.xcconfig"; path = "Pods/Target Support Files/Pods-TAGoodsDetailTests/Pods-TAGoodsDetailTests.debug.xcconfig"; sourceTree = "<group>"; };
		6F0C8B02F1A89CE8C2B16932 /* Pods-TAGoodsDetailUITests.debug.xcconfig */ = {isa = PBXFileReference; includeInIndex = 1; lastKnownFileType = text.xcconfig; name = "Pods-TAGoodsDetailUITests.debug.xcconfig"; path = "Pods/Target Support Files/Pods-TAGoodsDetailUITests/Pods-TAGoodsDetailUITests.debug.xcconfig"; sourceTree = "<group>"; };
		6F8FD95FC7789DAD7059C0D3 /* libPods-TAGoodsDetailTests.a */ = {isa = PBXFileReference; explicitFileType = archive.ar; includeInIndex = 0; path = "libPods-TAGoodsDetailTests.a"; sourceTree = BUILT_PRODUCTS_DIR; };
		90C7B4F81E0FBD990039B030 /* TAGoodsDetail.app */ = {isa = PBXFileReference; explicitFileType = wrapper.application; includeInIndex = 0; path = TAGoodsDetail.app; sourceTree = BUILT_PRODUCTS_DIR; };
		90C7B4FC1E0FBD990039B030 /* main.m */ = {isa = PBXFileReference; lastKnownFileType = sourcecode.c.objc; path = main.m; sourceTree = "<group>"; };
		90C7B4FE1E0FBD990039B030 /* AppDelegate.h */ = {isa = PBXFileReference; lastKnownFileType = sourcecode.c.h; path = AppDelegate.h; sourceTree = "<group>"; };
		90C7B4FF1E0FBD990039B030 /* AppDelegate.m */ = {isa = PBXFileReference; lastKnownFileType = sourcecode.c.objc; path = AppDelegate.m; sourceTree = "<group>"; };
		90C7B5011E0FBD990039B030 /* ViewController.h */ = {isa = PBXFileReference; lastKnownFileType = sourcecode.c.h; path = ViewController.h; sourceTree = "<group>"; };
		90C7B5021E0FBD990039B030 /* ViewController.m */ = {isa = PBXFileReference; lastKnownFileType = sourcecode.c.objc; path = ViewController.m; sourceTree = "<group>"; };
		90C7B5051E0FBD990039B030 /* Base */ = {isa = PBXFileReference; lastKnownFileType = file.storyboard; name = Base; path = Base.lproj/Main.storyboard; sourceTree = "<group>"; };
		90C7B5071E0FBD990039B030 /* Assets.xcassets */ = {isa = PBXFileReference; lastKnownFileType = folder.assetcatalog; path = Assets.xcassets; sourceTree = "<group>"; };
		90C7B50A1E0FBD990039B030 /* Base */ = {isa = PBXFileReference; lastKnownFileType = file.storyboard; name = Base; path = Base.lproj/LaunchScreen.storyboard; sourceTree = "<group>"; };
		90C7B50C1E0FBD990039B030 /* Info.plist */ = {isa = PBXFileReference; lastKnownFileType = text.plist.xml; path = Info.plist; sourceTree = "<group>"; };
		90C7B5111E0FBD990039B030 /* TAGoodsDetailTests.xctest */ = {isa = PBXFileReference; explicitFileType = wrapper.cfbundle; includeInIndex = 0; path = TAGoodsDetailTests.xctest; sourceTree = BUILT_PRODUCTS_DIR; };
		90C7B5151E0FBD990039B030 /* TAGoodsDetailTests.m */ = {isa = PBXFileReference; lastKnownFileType = sourcecode.c.objc; path = TAGoodsDetailTests.m; sourceTree = "<group>"; };
		90C7B5171E0FBD990039B030 /* Info.plist */ = {isa = PBXFileReference; lastKnownFileType = text.plist.xml; path = Info.plist; sourceTree = "<group>"; };
		90C7B51C1E0FBD990039B030 /* TAGoodsDetailUITests.xctest */ = {isa = PBXFileReference; explicitFileType = wrapper.cfbundle; includeInIndex = 0; path = TAGoodsDetailUITests.xctest; sourceTree = BUILT_PRODUCTS_DIR; };
		90C7B5201E0FBD990039B030 /* TAGoodsDetailUITests.m */ = {isa = PBXFileReference; lastKnownFileType = sourcecode.c.objc; path = TAGoodsDetailUITests.m; sourceTree = "<group>"; };
		90C7B5221E0FBD990039B030 /* Info.plist */ = {isa = PBXFileReference; lastKnownFileType = text.plist.xml; path = Info.plist; sourceTree = "<group>"; };
		90C7B52F1E0FBDFD0039B030 /* Target_TAGoodsDetail.h */ = {isa = PBXFileReference; fileEncoding = 4; lastKnownFileType = sourcecode.c.h; path = Target_TAGoodsDetail.h; sourceTree = "<group>"; };
		90C7B5301E0FBDFD0039B030 /* Target_TAGoodsDetail.m */ = {isa = PBXFileReference; fileEncoding = 4; lastKnownFileType = sourcecode.c.objc; path = Target_TAGoodsDetail.m; sourceTree = "<group>"; };
		90C7B5381E0FC0040039B030 /* TAGoodsDetailViewController.h */ = {isa = PBXFileReference; fileEncoding = 4; lastKnownFileType = sourcecode.c.h; path = TAGoodsDetailViewController.h; sourceTree = "<group>"; };
		90C7B5391E0FC0040039B030 /* TAGoodsDetailViewController.m */ = {isa = PBXFileReference; fileEncoding = 4; lastKnownFileType = sourcecode.c.objc; path = TAGoodsDetailViewController.m; sourceTree = "<group>"; };
		987CA2539342A49E13B27EEE /* Pods-TAGoodsDetailTests.release.xcconfig */ = {isa = PBXFileReference; includeInIndex = 1; lastKnownFileType = text.xcconfig; name = "Pods-TAGoodsDetailTests.release.xcconfig"; path = "Pods/Target Support Files/Pods-TAGoodsDetailTests/Pods-TAGoodsDetailTests.release.xcconfig"; sourceTree = "<group>"; };
		A3FA4729C820B3E9C62F637A /* libPods-TAGoodsDetailUITests.a */ = {isa = PBXFileReference; explicitFileType = archive.ar; includeInIndex = 0; path = "libPods-TAGoodsDetailUITests.a"; sourceTree = BUILT_PRODUCTS_DIR; };
		AB9322D11213FC155DFB2248 /* Pods-TAGoodsDetailUITests.release.xcconfig */ = {isa = PBXFileReference; includeInIndex = 1; lastKnownFileType = text.xcconfig; name = "Pods-TAGoodsDetailUITests.release.xcconfig"; path = "Pods/Target Support Files/Pods-TAGoodsDetailUITests/Pods-TAGoodsDetailUITests.release.xcconfig"; sourceTree = "<group>"; };
		C1E421D63855D7CAF716C8C4 /* libPods-TAGoodsDetail.a */ = {isa = PBXFileReference; explicitFileType = archive.ar; includeInIndex = 0; path = "libPods-TAGoodsDetail.a"; sourceTree = BUILT_PRODUCTS_DIR; };
		EF283D25058D988A0124D552 /* Pods-TAGoodsDetail.debug.xcconfig */ = {isa = PBXFileReference; includeInIndex = 1; lastKnownFileType = text.xcconfig; name = "Pods-TAGoodsDetail.debug.xcconfig"; path = "Pods/Target Support Files/Pods-TAGoodsDetail/Pods-TAGoodsDetail.debug.xcconfig"; sourceTree = "<group>"; };
/* End PBXFileReference section */

/* Begin PBXFrameworksBuildPhase section */
		90C7B4F51E0FBD990039B030 /* Frameworks */ = {
			isa = PBXFrameworksBuildPhase;
			buildActionMask = 2147483647;
			files = (
				D3E7F00437776B2BE2071630 /* libPods-TAGoodsDetail.a in Frameworks */,
			);
			runOnlyForDeploymentPostprocessing = 0;
		};
		90C7B50E1E0FBD990039B030 /* Frameworks */ = {
			isa = PBXFrameworksBuildPhase;
			buildActionMask = 2147483647;
			files = (
				B96160CD3FA1446DB5424AD7 /* libPods-TAGoodsDetailTests.a in Frameworks */,
			);
			runOnlyForDeploymentPostprocessing = 0;
		};
		90C7B5191E0FBD990039B030 /* Frameworks */ = {
			isa = PBXFrameworksBuildPhase;
			buildActionMask = 2147483647;
			files = (
				630F4B23866C9ECD643DF29B /* libPods-TAGoodsDetailUITests.a in Frameworks */,
			);
			runOnlyForDeploymentPostprocessing = 0;
		};
/* End PBXFrameworksBuildPhase section */

/* Begin PBXGroup section */
		511095D7326945FA35DB6943 /* Frameworks */ = {
			isa = PBXGroup;
			children = (
				C1E421D63855D7CAF716C8C4 /* libPods-TAGoodsDetail.a */,
				6F8FD95FC7789DAD7059C0D3 /* libPods-TAGoodsDetailTests.a */,
				A3FA4729C820B3E9C62F637A /* libPods-TAGoodsDetailUITests.a */,
			);
			name = Frameworks;
			sourceTree = "<group>";
		};
		88FD13409B34334DAE549FF8 /* Pods */ = {
			isa = PBXGroup;
			children = (
				EF283D25058D988A0124D552 /* Pods-TAGoodsDetail.debug.xcconfig */,
				2AF8877E2584444A0D697D6E /* Pods-TAGoodsDetail.release.xcconfig */,
				57C9F7265DB42886112B3AC7 /* Pods-TAGoodsDetailTests.debug.xcconfig */,
				987CA2539342A49E13B27EEE /* Pods-TAGoodsDetailTests.release.xcconfig */,
				6F0C8B02F1A89CE8C2B16932 /* Pods-TAGoodsDetailUITests.debug.xcconfig */,
				AB9322D11213FC155DFB2248 /* Pods-TAGoodsDetailUITests.release.xcconfig */,
			);
			name = Pods;
			sourceTree = "<group>";
		};
		90C7B4EF1E0FBD990039B030 = {
			isa = PBXGroup;
			children = (
				90C7B4FA1E0FBD990039B030 /* TAGoodsDetail */,
				90C7B5141E0FBD990039B030 /* TAGoodsDetailTests */,
				90C7B51F1E0FBD990039B030 /* TAGoodsDetailUITests */,
				90C7B4F91E0FBD990039B030 /* Products */,
				88FD13409B34334DAE549FF8 /* Pods */,
				511095D7326945FA35DB6943 /* Frameworks */,
			);
			sourceTree = "<group>";
		};
		90C7B4F91E0FBD990039B030 /* Products */ = {
			isa = PBXGroup;
			children = (
				90C7B4F81E0FBD990039B030 /* TAGoodsDetail.app */,
				90C7B5111E0FBD990039B030 /* TAGoodsDetailTests.xctest */,
				90C7B51C1E0FBD990039B030 /* TAGoodsDetailUITests.xctest */,
			);
			name = Products;
			sourceTree = "<group>";
		};
		90C7B4FA1E0FBD990039B030 /* TAGoodsDetail */ = {
			isa = PBXGroup;
			children = (
				90C7B52E1E0FBDD30039B030 /* TAGoodsDetail */,
				90C7B4FE1E0FBD990039B030 /* AppDelegate.h */,
				90C7B4FF1E0FBD990039B030 /* AppDelegate.m */,
				90C7B5011E0FBD990039B030 /* ViewController.h */,
				90C7B5021E0FBD990039B030 /* ViewController.m */,
				90C7B5041E0FBD990039B030 /* Main.storyboard */,
				90C7B5071E0FBD990039B030 /* Assets.xcassets */,
				90C7B5091E0FBD990039B030 /* LaunchScreen.storyboard */,
				90C7B50C1E0FBD990039B030 /* Info.plist */,
				90C7B4FB1E0FBD990039B030 /* Supporting Files */,
			);
			path = TAGoodsDetail;
			sourceTree = "<group>";
		};
		90C7B4FB1E0FBD990039B030 /* Supporting Files */ = {
			isa = PBXGroup;
			children = (
				90C7B4FC1E0FBD990039B030 /* main.m */,
			);
			name = "Supporting Files";
			sourceTree = "<group>";
		};
		90C7B5141E0FBD990039B030 /* TAGoodsDetailTests */ = {
			isa = PBXGroup;
			children = (
				90C7B5151E0FBD990039B030 /* TAGoodsDetailTests.m */,
				90C7B5171E0FBD990039B030 /* Info.plist */,
			);
			path = TAGoodsDetailTests;
			sourceTree = "<group>";
		};
		90C7B51F1E0FBD990039B030 /* TAGoodsDetailUITests */ = {
			isa = PBXGroup;
			children = (
				90C7B5201E0FBD990039B030 /* TAGoodsDetailUITests.m */,
				90C7B5221E0FBD990039B030 /* Info.plist */,
			);
			path = TAGoodsDetailUITests;
			sourceTree = "<group>";
		};
		90C7B52E1E0FBDD30039B030 /* TAGoodsDetail */ = {
			isa = PBXGroup;
			children = (
				90C7B52F1E0FBDFD0039B030 /* Target_TAGoodsDetail.h */,
				90C7B5301E0FBDFD0039B030 /* Target_TAGoodsDetail.m */,
				90C7B5381E0FC0040039B030 /* TAGoodsDetailViewController.h */,
				90C7B5391E0FC0040039B030 /* TAGoodsDetailViewController.m */,
			);
			path = TAGoodsDetail;
			sourceTree = "<group>";
		};
/* End PBXGroup section */

/* Begin PBXNativeTarget section */
		90C7B4F71E0FBD990039B030 /* TAGoodsDetail */ = {
			isa = PBXNativeTarget;
			buildConfigurationList = 90C7B5251E0FBD990039B030 /* Build configuration list for PBXNativeTarget "TAGoodsDetail" */;
			buildPhases = (
				7EF0830CCC361BB6BAEA5C8B /* [CP] Check Pods Manifest.lock */,
				90C7B4F41E0FBD990039B030 /* Sources */,
				90C7B4F51E0FBD990039B030 /* Frameworks */,
				90C7B4F61E0FBD990039B030 /* Resources */,
				A89CE95459FB366995AFFBD1 /* [CP] Embed Pods Frameworks */,
				337B53B34D989C745665868B /* [CP] Copy Pods Resources */,
			);
			buildRules = (
			);
			dependencies = (
			);
			name = TAGoodsDetail;
			productName = TAGoodsDetail;
			productReference = 90C7B4F81E0FBD990039B030 /* TAGoodsDetail.app */;
			productType = "com.apple.product-type.application";
		};
		90C7B5101E0FBD990039B030 /* TAGoodsDetailTests */ = {
			isa = PBXNativeTarget;
			buildConfigurationList = 90C7B5281E0FBD990039B030 /* Build configuration list for PBXNativeTarget "TAGoodsDetailTests" */;
			buildPhases = (
				C33943E1A44BA48F7679BA4A /* [CP] Check Pods Manifest.lock */,
				90C7B50D1E0FBD990039B030 /* Sources */,
				90C7B50E1E0FBD990039B030 /* Frameworks */,
				90C7B50F1E0FBD990039B030 /* Resources */,
				9BE6E645C83B632D2D696D3B /* [CP] Embed Pods Frameworks */,
				759244DD9D1CFE490E45B493 /* [CP] Copy Pods Resources */,
			);
			buildRules = (
			);
			dependencies = (
				90C7B5131E0FBD990039B030 /* PBXTargetDependency */,
			);
			name = TAGoodsDetailTests;
			productName = TAGoodsDetailTests;
			productReference = 90C7B5111E0FBD990039B030 /* TAGoodsDetailTests.xctest */;
			productType = "com.apple.product-type.bundle.unit-test";
		};
		90C7B51B1E0FBD990039B030 /* TAGoodsDetailUITests */ = {
			isa = PBXNativeTarget;
			buildConfigurationList = 90C7B52B1E0FBD990039B030 /* Build configuration list for PBXNativeTarget "TAGoodsDetailUITests" */;
			buildPhases = (
				B03FA843311B8F334568776F /* [CP] Check Pods Manifest.lock */,
				90C7B5181E0FBD990039B030 /* Sources */,
				90C7B5191E0FBD990039B030 /* Frameworks */,
				90C7B51A1E0FBD990039B030 /* Resources */,
				2F8FB811B5C67E0ACA3F12F0 /* [CP] Embed Pods Frameworks */,
				055E8D9166CCB0085F65FE7C /* [CP] Copy Pods Resources */,
			);
			buildRules = (
			);
			dependencies = (
				90C7B51E1E0FBD990039B030 /* PBXTargetDependency */,
			);
			name = TAGoodsDetailUITests;
			productName = TAGoodsDetailUITests;
			productReference = 90C7B51C1E0FBD990039B030 /* TAGoodsDetailUITests.xctest */;
			productType = "com.apple.product-type.bundle.ui-testing";
		};
/* End PBXNativeTarget section */

/* Begin PBXProject section */
		90C7B4F01E0FBD990039B030 /* Project object */ = {
			isa = PBXProject;
			attributes = {
				LastUpgradeCheck = 0820;
				ORGANIZATIONNAME = Charon;
				TargetAttributes = {
					90C7B4F71E0FBD990039B030 = {
						CreatedOnToolsVersion = 8.2.1;
						ProvisioningStyle = Automatic;
					};
					90C7B5101E0FBD990039B030 = {
						CreatedOnToolsVersion = 8.2.1;
						ProvisioningStyle = Automatic;
						TestTargetID = 90C7B4F71E0FBD990039B030;
					};
					90C7B51B1E0FBD990039B030 = {
						CreatedOnToolsVersion = 8.2.1;
						ProvisioningStyle = Automatic;
						TestTargetID = 90C7B4F71E0FBD990039B030;
					};
				};
			};
			buildConfigurationList = 90C7B4F31E0FBD990039B030 /* Build configuration list for PBXProject "TAGoodsDetail" */;
			compatibilityVersion = "Xcode 3.2";
			developmentRegion = English;
			hasScannedForEncodings = 0;
			knownRegions = (
				en,
				Base,
			);
			mainGroup = 90C7B4EF1E0FBD990039B030;
			productRefGroup = 90C7B4F91E0FBD990039B030 /* Products */;
			projectDirPath = "";
			projectRoot = "";
			targets = (
				90C7B4F71E0FBD990039B030 /* TAGoodsDetail */,
				90C7B5101E0FBD990039B030 /* TAGoodsDetailTests */,
				90C7B51B1E0FBD990039B030 /* TAGoodsDetailUITests */,
			);
		};
/* End PBXProject section */

/* Begin PBXResourcesBuildPhase section */
		90C7B4F61E0FBD990039B030 /* Resources */ = {
			isa = PBXResourcesBuildPhase;
			buildActionMask = 2147483647;
			files = (
				90C7B50B1E0FBD990039B030 /* LaunchScreen.storyboard in Resources */,
				90C7B5081E0FBD990039B030 /* Assets.xcassets in Resources */,
				90C7B5061E0FBD990039B030 /* Main.storyboard in Resources */,
			);
			runOnlyForDeploymentPostprocessing = 0;
		};
		90C7B50F1E0FBD990039B030 /* Resources */ = {
			isa = PBXResourcesBuildPhase;
			buildActionMask = 2147483647;
			files = (
			);
			runOnlyForDeploymentPostprocessing = 0;
		};
		90C7B51A1E0FBD990039B030 /* Resources */ = {
			isa = PBXResourcesBuildPhase;
			buildActionMask = 2147483647;
			files = (
			);
			runOnlyForDeploymentPostprocessing = 0;
		};
/* End PBXResourcesBuildPhase section */

/* Begin PBXShellScriptBuildPhase section */
		055E8D9166CCB0085F65FE7C /* [CP] Copy Pods Resources */ = {
			isa = PBXShellScriptBuildPhase;
			buildActionMask = 2147483647;
			files = (
			);
			inputPaths = (
			);
			name = "[CP] Copy Pods Resources";
			outputPaths = (
			);
			runOnlyForDeploymentPostprocessing = 0;
			shellPath = /bin/sh;
			shellScript = "\"${SRCROOT}/Pods/Target Support Files/Pods-TAGoodsDetailUITests/Pods-TAGoodsDetailUITests-resources.sh\"\n";
			showEnvVarsInLog = 0;
		};
		2F8FB811B5C67E0ACA3F12F0 /* [CP] Embed Pods Frameworks */ = {
			isa = PBXShellScriptBuildPhase;
			buildActionMask = 2147483647;
			files = (
			);
			inputPaths = (
			);
			name = "[CP] Embed Pods Frameworks";
			outputPaths = (
			);
			runOnlyForDeploymentPostprocessing = 0;
			shellPath = /bin/sh;
			shellScript = "\"${SRCROOT}/Pods/Target Support Files/Pods-TAGoodsDetailUITests/Pods-TAGoodsDetailUITests-frameworks.sh\"\n";
			showEnvVarsInLog = 0;
		};
		337B53B34D989C745665868B /* [CP] Copy Pods Resources */ = {
			isa = PBXShellScriptBuildPhase;
			buildActionMask = 2147483647;
			files = (
			);
			inputPaths = (
			);
			name = "[CP] Copy Pods Resources";
			outputPaths = (
			);
			runOnlyForDeploymentPostprocessing = 0;
			shellPath = /bin/sh;
			shellScript = "\"${SRCROOT}/Pods/Target Support Files/Pods-TAGoodsDetail/Pods-TAGoodsDetail-resources.sh\"\n";
			showEnvVarsInLog = 0;
		};
		759244DD9D1CFE490E45B493 /* [CP] Copy Pods Resources */ = {
			isa = PBXShellScriptBuildPhase;
			buildActionMask = 2147483647;
			files = (
			);
			inputPaths = (
			);
			name = "[CP] Copy Pods Resources";
			outputPaths = (
			);
			runOnlyForDeploymentPostprocessing = 0;
			shellPath = /bin/sh;
			shellScript = "\"${SRCROOT}/Pods/Target Support Files/Pods-TAGoodsDetailTests/Pods-TAGoodsDetailTests-resources.sh\"\n";
			showEnvVarsInLog = 0;
		};
		7EF0830CCC361BB6BAEA5C8B /* [CP] Check Pods Manifest.lock */ = {
			isa = PBXShellScriptBuildPhase;
			buildActionMask = 2147483647;
			files = (
			);
			inputPaths = (
			);
			name = "[CP] Check Pods Manifest.lock";
			outputPaths = (
			);
			runOnlyForDeploymentPostprocessing = 0;
			shellPath = /bin/sh;
			shellScript = "diff \"${PODS_ROOT}/../Podfile.lock\" \"${PODS_ROOT}/Manifest.lock\" > /dev/null\nif [ $? != 0 ] ; then\n    # print error to STDERR\n    echo \"error: The sandbox is not in sync with the Podfile.lock. Run 'pod install' or update your CocoaPods installation.\" >&2\n    exit 1\nfi\n";
			showEnvVarsInLog = 0;
		};
		9BE6E645C83B632D2D696D3B /* [CP] Embed Pods Frameworks */ = {
			isa = PBXShellScriptBuildPhase;
			buildActionMask = 2147483647;
			files = (
			);
			inputPaths = (
			);
			name = "[CP] Embed Pods Frameworks";
			outputPaths = (
			);
			runOnlyForDeploymentPostprocessing = 0;
			shellPath = /bin/sh;
			shellScript = "\"${SRCROOT}/Pods/Target Support Files/Pods-TAGoodsDetailTests/Pods-TAGoodsDetailTests-frameworks.sh\"\n";
			showEnvVarsInLog = 0;
		};
		A89CE95459FB366995AFFBD1 /* [CP] Embed Pods Frameworks */ = {
			isa = PBXShellScriptBuildPhase;
			buildActionMask = 2147483647;
			files = (
			);
			inputPaths = (
			);
			name = "[CP] Embed Pods Frameworks";
			outputPaths = (
			);
			runOnlyForDeploymentPostprocessing = 0;
			shellPath = /bin/sh;
			shellScript = "\"${SRCROOT}/Pods/Target Support Files/Pods-TAGoodsDetail/Pods-TAGoodsDetail-frameworks.sh\"\n";
			showEnvVarsInLog = 0;
		};
		B03FA843311B8F334568776F /* [CP] Check Pods Manifest.lock */ = {
			isa = PBXShellScriptBuildPhase;
			buildActionMask = 2147483647;
			files = (
			);
			inputPaths = (
			);
			name = "[CP] Check Pods Manifest.lock";
			outputPaths = (
			);
			runOnlyForDeploymentPostprocessing = 0;
			shellPath = /bin/sh;
			shellScript = "diff \"${PODS_ROOT}/../Podfile.lock\" \"${PODS_ROOT}/Manifest.lock\" > /dev/null\nif [ $? != 0 ] ; then\n    # print error to STDERR\n    echo \"error: The sandbox is not in sync with the Podfile.lock. Run 'pod install' or update your CocoaPods installation.\" >&2\n    exit 1\nfi\n";
			showEnvVarsInLog = 0;
		};
		C33943E1A44BA48F7679BA4A /* [CP] Check Pods Manifest.lock */ = {
			isa = PBXShellScriptBuildPhase;
			buildActionMask = 2147483647;
			files = (
			);
			inputPaths = (
			);
			name = "[CP] Check Pods Manifest.lock";
			outputPaths = (
			);
			runOnlyForDeploymentPostprocessing = 0;
			shellPath = /bin/sh;
			shellScript = "diff \"${PODS_ROOT}/../Podfile.lock\" \"${PODS_ROOT}/Manifest.lock\" > /dev/null\nif [ $? != 0 ] ; then\n    # print error to STDERR\n    echo \"error: The sandbox is not in sync with the Podfile.lock. Run 'pod install' or update your CocoaPods installation.\" >&2\n    exit 1\nfi\n";
			showEnvVarsInLog = 0;
		};
/* End PBXShellScriptBuildPhase section */

/* Begin PBXSourcesBuildPhase section */
		90C7B4F41E0FBD990039B030 /* Sources */ = {
			isa = PBXSourcesBuildPhase;
			buildActionMask = 2147483647;
			files = (
				90C7B53A1E0FC0040039B030 /* TAGoodsDetailViewController.m in Sources */,
				90C7B5031E0FBD990039B030 /* ViewController.m in Sources */,
				90C7B5001E0FBD990039B030 /* AppDelegate.m in Sources */,
				90C7B4FD1E0FBD990039B030 /* main.m in Sources */,
				90C7B5311E0FBDFD0039B030 /* Target_TAGoodsDetail.m in Sources */,
			);
			runOnlyForDeploymentPostprocessing = 0;
		};
		90C7B50D1E0FBD990039B030 /* Sources */ = {
			isa = PBXSourcesBuildPhase;
			buildActionMask = 2147483647;
			files = (
				90C7B5161E0FBD990039B030 /* TAGoodsDetailTests.m in Sources */,
			);
			runOnlyForDeploymentPostprocessing = 0;
		};
		90C7B5181E0FBD990039B030 /* Sources */ = {
			isa = PBXSourcesBuildPhase;
			buildActionMask = 2147483647;
			files = (
				90C7B5211E0FBD990039B030 /* TAGoodsDetailUITests.m in Sources */,
			);
			runOnlyForDeploymentPostprocessing = 0;
		};
/* End PBXSourcesBuildPhase section */

/* Begin PBXTargetDependency section */
		90C7B5131E0FBD990039B030 /* PBXTargetDependency */ = {
			isa = PBXTargetDependency;
			target = 90C7B4F71E0FBD990039B030 /* TAGoodsDetail */;
			targetProxy = 90C7B5121E0FBD990039B030 /* PBXContainerItemProxy */;
		};
		90C7B51E1E0FBD990039B030 /* PBXTargetDependency */ = {
			isa = PBXTargetDependency;
			target = 90C7B4F71E0FBD990039B030 /* TAGoodsDetail */;
			targetProxy = 90C7B51D1E0FBD990039B030 /* PBXContainerItemProxy */;
		};
/* End PBXTargetDependency section */

/* Begin PBXVariantGroup section */
		90C7B5041E0FBD990039B030 /* Main.storyboard */ = {
			isa = PBXVariantGroup;
			children = (
				90C7B5051E0FBD990039B030 /* Base */,
			);
			name = Main.storyboard;
			sourceTree = "<group>";
		};
		90C7B5091E0FBD990039B030 /* LaunchScreen.storyboard */ = {
			isa = PBXVariantGroup;
			children = (
				90C7B50A1E0FBD990039B030 /* Base */,
			);
			name = LaunchScreen.storyboard;
			sourceTree = "<group>";
		};
/* End PBXVariantGroup section */

/* Begin XCBuildConfiguration section */
		90C7B5231E0FBD990039B030 /* Debug */ = {
			isa = XCBuildConfiguration;
			buildSettings = {
				ALWAYS_SEARCH_USER_PATHS = NO;
				CLANG_ANALYZER_NONNULL = YES;
				CLANG_CXX_LANGUAGE_STANDARD = "gnu++0x";
				CLANG_CXX_LIBRARY = "libc++";
				CLANG_ENABLE_MODULES = YES;
				CLANG_ENABLE_OBJC_ARC = YES;
				CLANG_WARN_BOOL_CONVERSION = YES;
				CLANG_WARN_CONSTANT_CONVERSION = YES;
				CLANG_WARN_DIRECT_OBJC_ISA_USAGE = YES_ERROR;
				CLANG_WARN_DOCUMENTATION_COMMENTS = YES;
				CLANG_WARN_EMPTY_BODY = YES;
				CLANG_WARN_ENUM_CONVERSION = YES;
				CLANG_WARN_INFINITE_RECURSION = YES;
				CLANG_WARN_INT_CONVERSION = YES;
				CLANG_WARN_OBJC_ROOT_CLASS = YES_ERROR;
				CLANG_WARN_SUSPICIOUS_MOVE = YES;
				CLANG_WARN_UNREACHABLE_CODE = YES;
				CLANG_WARN__DUPLICATE_METHOD_MATCH = YES;
				"CODE_SIGN_IDENTITY[sdk=iphoneos*]" = "iPhone Developer";
				COPY_PHASE_STRIP = NO;
				DEBUG_INFORMATION_FORMAT = dwarf;
				ENABLE_STRICT_OBJC_MSGSEND = YES;
				ENABLE_TESTABILITY = YES;
				GCC_C_LANGUAGE_STANDARD = gnu99;
				GCC_DYNAMIC_NO_PIC = NO;
				GCC_NO_COMMON_BLOCKS = YES;
				GCC_OPTIMIZATION_LEVEL = 0;
				GCC_PREPROCESSOR_DEFINITIONS = (
					"DEBUG=1",
					"$(inherited)",
				);
				GCC_WARN_64_TO_32_BIT_CONVERSION = YES;
				GCC_WARN_ABOUT_RETURN_TYPE = YES_ERROR;
				GCC_WARN_UNDECLARED_SELECTOR = YES;
				GCC_WARN_UNINITIALIZED_AUTOS = YES_AGGRESSIVE;
				GCC_WARN_UNUSED_FUNCTION = YES;
				GCC_WARN_UNUSED_VARIABLE = YES;
				IPHONEOS_DEPLOYMENT_TARGET = 10.2;
				MTL_ENABLE_DEBUG_INFO = YES;
				ONLY_ACTIVE_ARCH = YES;
				SDKROOT = iphoneos;
			};
			name = Debug;
		};
		90C7B5241E0FBD990039B030 /* Release */ = {
			isa = XCBuildConfiguration;
			buildSettings = {
				ALWAYS_SEARCH_USER_PATHS = NO;
				CLANG_ANALYZER_NONNULL = YES;
				CLANG_CXX_LANGUAGE_STANDARD = "gnu++0x";
				CLANG_CXX_LIBRARY = "libc++";
				CLANG_ENABLE_MODULES = YES;
				CLANG_ENABLE_OBJC_ARC = YES;
				CLANG_WARN_BOOL_CONVERSION = YES;
				CLANG_WARN_CONSTANT_CONVERSION = YES;
				CLANG_WARN_DIRECT_OBJC_ISA_USAGE = YES_ERROR;
				CLANG_WARN_DOCUMENTATION_COMMENTS = YES;
				CLANG_WARN_EMPTY_BODY = YES;
				CLANG_WARN_ENUM_CONVERSION = YES;
				CLANG_WARN_INFINITE_RECURSION = YES;
				CLANG_WARN_INT_CONVERSION = YES;
				CLANG_WARN_OBJC_ROOT_CLASS = YES_ERROR;
				CLANG_WARN_SUSPICIOUS_MOVE = YES;
				CLANG_WARN_UNREACHABLE_CODE = YES;
				CLANG_WARN__DUPLICATE_METHOD_MATCH = YES;
				"CODE_SIGN_IDENTITY[sdk=iphoneos*]" = "iPhone Developer";
				COPY_PHASE_STRIP = NO;
				DEBUG_INFORMATION_FORMAT = "dwarf-with-dsym";
				ENABLE_NS_ASSERTIONS = NO;
				ENABLE_STRICT_OBJC_MSGSEND = YES;
				GCC_C_LANGUAGE_STANDARD = gnu99;
				GCC_NO_COMMON_BLOCKS = YES;
				GCC_WARN_64_TO_32_BIT_CONVERSION = YES;
				GCC_WARN_ABOUT_RETURN_TYPE = YES_ERROR;
				GCC_WARN_UNDECLARED_SELECTOR = YES;
				GCC_WARN_UNINITIALIZED_AUTOS = YES_AGGRESSIVE;
				GCC_WARN_UNUSED_FUNCTION = YES;
				GCC_WARN_UNUSED_VARIABLE = YES;
				IPHONEOS_DEPLOYMENT_TARGET = 10.2;
				MTL_ENABLE_DEBUG_INFO = NO;
				SDKROOT = iphoneos;
				VALIDATE_PRODUCT = YES;
			};
			name = Release;
		};
		90C7B5261E0FBD990039B030 /* Debug */ = {
			isa = XCBuildConfiguration;
			baseConfigurationReference = EF283D25058D988A0124D552 /* Pods-TAGoodsDetail.debug.xcconfig */;
			buildSettings = {
				ASSETCATALOG_COMPILER_APPICON_NAME = AppIcon;
				INFOPLIST_FILE = TAGoodsDetail/Info.plist;
				LD_RUNPATH_SEARCH_PATHS = "$(inherited) @executable_path/Frameworks";
				PRODUCT_BUNDLE_IDENTIFIER = BS.TAGoodsDetail;
				PRODUCT_NAME = "$(TARGET_NAME)";
			};
			name = Debug;
		};
		90C7B5271E0FBD990039B030 /* Release */ = {
			isa = XCBuildConfiguration;
			baseConfigurationReference = 2AF8877E2584444A0D697D6E /* Pods-TAGoodsDetail.release.xcconfig */;
			buildSettings = {
				ASSETCATALOG_COMPILER_APPICON_NAME = AppIcon;
				INFOPLIST_FILE = TAGoodsDetail/Info.plist;
				LD_RUNPATH_SEARCH_PATHS = "$(inherited) @executable_path/Frameworks";
				PRODUCT_BUNDLE_IDENTIFIER = BS.TAGoodsDetail;
				PRODUCT_NAME = "$(TARGET_NAME)";
			};
			name = Release;
		};
		90C7B5291E0FBD990039B030 /* Debug */ = {
			isa = XCBuildConfiguration;
			baseConfigurationReference = 57C9F7265DB42886112B3AC7 /* Pods-TAGoodsDetailTests.debug.xcconfig */;
			buildSettings = {
				BUNDLE_LOADER = "$(TEST_HOST)";
				INFOPLIST_FILE = TAGoodsDetailTests/Info.plist;
				LD_RUNPATH_SEARCH_PATHS = "$(inherited) @executable_path/Frameworks @loader_path/Frameworks";
				PRODUCT_BUNDLE_IDENTIFIER = BS.TAGoodsDetailTests;
				PRODUCT_NAME = "$(TARGET_NAME)";
				TEST_HOST = "$(BUILT_PRODUCTS_DIR)/TAGoodsDetail.app/TAGoodsDetail";
			};
			name = Debug;
		};
		90C7B52A1E0FBD990039B030 /* Release */ = {
			isa = XCBuildConfiguration;
			baseConfigurationReference = 987CA2539342A49E13B27EEE /* Pods-TAGoodsDetailTests.release.xcconfig */;
			buildSettings = {
				BUNDLE_LOADER = "$(TEST_HOST)";
				INFOPLIST_FILE = TAGoodsDetailTests/Info.plist;
				LD_RUNPATH_SEARCH_PATHS = "$(inherited) @executable_path/Frameworks @loader_path/Frameworks";
				PRODUCT_BUNDLE_IDENTIFIER = BS.TAGoodsDetailTests;
				PRODUCT_NAME = "$(TARGET_NAME)";
				TEST_HOST = "$(BUILT_PRODUCTS_DIR)/TAGoodsDetail.app/TAGoodsDetail";
			};
			name = Release;
		};
		90C7B52C1E0FBD990039B030 /* Debug */ = {
			isa = XCBuildConfiguration;
			baseConfigurationReference = 6F0C8B02F1A89CE8C2B16932 /* Pods-TAGoodsDetailUITests.debug.xcconfig */;
			buildSettings = {
				INFOPLIST_FILE = TAGoodsDetailUITests/Info.plist;
				LD_RUNPATH_SEARCH_PATHS = "$(inherited) @executable_path/Frameworks @loader_path/Frameworks";
				PRODUCT_BUNDLE_IDENTIFIER = BS.TAGoodsDetailUITests;
				PRODUCT_NAME = "$(TARGET_NAME)";
				TEST_TARGET_NAME = TAGoodsDetail;
			};
			name = Debug;
		};
		90C7B52D1E0FBD990039B030 /* Release */ = {
			isa = XCBuildConfiguration;
			baseConfigurationReference = AB9322D11213FC155DFB2248 /* Pods-TAGoodsDetailUITests.release.xcconfig */;
			buildSettings = {
				INFOPLIST_FILE = TAGoodsDetailUITests/Info.plist;
				LD_RUNPATH_SEARCH_PATHS = "$(inherited) @executable_path/Frameworks @loader_path/Frameworks";
				PRODUCT_BUNDLE_IDENTIFIER = BS.TAGoodsDetailUITests;
				PRODUCT_NAME = "$(TARGET_NAME)";
				TEST_TARGET_NAME = TAGoodsDetail;
			};
			name = Release;
		};
/* End XCBuildConfiguration section */

/* Begin XCConfigurationList section */
		90C7B4F31E0FBD990039B030 /* Build configuration list for PBXProject "TAGoodsDetail" */ = {
			isa = XCConfigurationList;
			buildConfigurations = (
				90C7B5231E0FBD990039B030 /* Debug */,
				90C7B5241E0FBD990039B030 /* Release */,
			);
			defaultConfigurationIsVisible = 0;
			defaultConfigurationName = Release;
		};
		90C7B5251E0FBD990039B030 /* Build configuration list for PBXNativeTarget "TAGoodsDetail" */ = {
			isa = XCConfigurationList;
			buildConfigurations = (
				90C7B5261E0FBD990039B030 /* Debug */,
				90C7B5271E0FBD990039B030 /* Release */,
			);
			defaultConfigurationIsVisible = 0;
		};
		90C7B5281E0FBD990039B030 /* Build configuration list for PBXNativeTarget "TAGoodsDetailTests" */ = {
			isa = XCConfigurationList;
			buildConfigurations = (
				90C7B5291E0FBD990039B030 /* Debug */,
				90C7B52A1E0FBD990039B030 /* Release */,
			);
			defaultConfigurationIsVisible = 0;
		};
		90C7B52B1E0FBD990039B030 /* Build configuration list for PBXNativeTarget "TAGoodsDetailUITests" */ = {
			isa = XCConfigurationList;
			buildConfigurations = (
				90C7B52C1E0FBD990039B030 /* Debug */,
				90C7B52D1E0FBD990039B030 /* Release */,
			);
			defaultConfigurationIsVisible = 0;
		};
/* End XCConfigurationList section */
	};
	rootObject = 90C7B4F01E0FBD990039B030 /* Project object */;
}
